
Microsoft Visual Studio Solution File, Format Version 12.00
# Visual Studio Version 17
VisualStudioVersion = 17.5.33502.453
MinimumVisualStudioVersion = 10.0.40219.1
Project("{FAE04EC0-301F-11D3-BF4B-00C04F79EFBC}") = "laba2", "laba2\laba2.csproj", "{3EC4BE42-CA0A-4914-AA40-1602738936DC}"
EndProject
Global
	GlobalSection(SolutionConfigurationPlatforms) = preSolution
		Debug|Any CPU = Debug|Any CPU
		Release|Any CPU = Release|Any CPU
	EndGlobalSection
	GlobalSection(ProjectConfigurationPlatforms) = postSolution
		{3EC4BE42-CA0A-4914-AA40-1602738936DC}.Debug|Any CPU.ActiveCfg = Debug|Any CPU
		{3EC4BE42-CA0A-4914-AA40-1602738936DC}.Debug|Any CPU.Build.0 = Debug|Any CPU
		{3EC4BE42-CA0A-4914-AA40-1602738936DC}.Release|Any CPU.ActiveCfg = Release|Any CPU
		{3EC4BE42-CA0A-4914-AA40-1602738936DC}.Release|Any CPU.Build.0 = Release|Any CPU
	EndGlobalSection
	GlobalSection(SolutionProperties) = preSolution
		HideSolutionNode = FALSE
	EndGlobalSection
	GlobalSection(ExtensibilityGlobals) = postSolution
		SolutionGuid = {6A891E0D-2D5C-44E9-BB6A-7659A9B14163}
	EndGlobalSection
EndGlobal
